
Microsoft Visual Studio Solution File, Format Version 12.00
# Visual Studio 15
VisualStudioVersion = 15.0.27703.2026
MinimumVisualStudioVersion = 10.0.40219.1
Project("{9A19103F-16F7-4668-BE54-9A1E7A4F7556}") = "Unosquare.Sparkfun.FingerprintScanner", "src\Unosquare.Sparkfun.FingerprintScanner\Unosquare.Sparkfun.FingerprintScanner.csproj", "{EE290DDE-55B8-467E-93BF-5C473A7BF652}"
EndProject
Project("{FAE04EC0-301F-11D3-BF4B-00C04F79EFBC}") = "Unosquare.Sparkfun.Playground", "src\Unosquare.Sparkfun.Playground\Unosquare.Sparkfun.Playground.csproj", "{A6F75794-633A-4BEC-B468-23CCE0C411EE}"
EndProject
Global
	GlobalSection(SolutionConfigurationPlatforms) = preSolution
		Debug|Any CPU = Debug|Any CPU
		Release|Any CPU = Release|Any CPU
	EndGlobalSection
	GlobalSection(ProjectConfigurationPlatforms) = postSolution
		{EE290DDE-55B8-467E-93BF-5C473A7BF652}.Debug|Any CPU.ActiveCfg = Debug|Any CPU
		{EE290DDE-55B8-467E-93BF-5C473A7BF652}.Debug|Any CPU.Build.0 = Debug|Any CPU
		{EE290DDE-55B8-467E-93BF-5C473A7BF652}.Release|Any CPU.ActiveCfg = Release|Any CPU
		{EE290DDE-55B8-467E-93BF-5C473A7BF652}.Release|Any CPU.Build.0 = Release|Any CPU
		{A6F75794-633A-4BEC-B468-23CCE0C411EE}.Debug|Any CPU.ActiveCfg = Debug|Any CPU
		{A6F75794-633A-4BEC-B468-23CCE0C411EE}.Debug|Any CPU.Build.0 = Debug|Any CPU
		{A6F75794-633A-4BEC-B468-23CCE0C411EE}.Release|Any CPU.ActiveCfg = Release|Any CPU
		{A6F75794-633A-4BEC-B468-23CCE0C411EE}.Release|Any CPU.Build.0 = Release|Any CPU
	EndGlobalSection
	GlobalSection(SolutionProperties) = preSolution
		HideSolutionNode = FALSE
	EndGlobalSection
	GlobalSection(ExtensibilityGlobals) = postSolution
		SolutionGuid = {6FB98E8D-6F2D-4AE8-A2B0-8AA4C24F9F77}
	EndGlobalSection
EndGlobal
